
Microsoft Visual Studio Solution File, Format Version 12.00
# Visual Studio Version 17
VisualStudioVersion = 17.12.35527.113 d17.12
MinimumVisualStudioVersion = 10.0.40219.1
Project("{FAE04EC0-301F-11D3-BF4B-00C04F79EFBC}") = "BlazorChatWebApp", "BlazorChatWebApp\BlazorChatWebApp\BlazorChatWebApp.csproj", "{3EB4B04D-B09D-4B72-80F8-AB7E31851BFF}"
EndProject
Project("{FAE04EC0-301F-11D3-BF4B-00C04F79EFBC}") = "BlazorChatWebApp.Client", "BlazorChatWebApp\BlazorChatWebApp.Client\BlazorChatWebApp.Client.csproj", "{9BD0B753-1955-4D0A-9ABE-25CF5D81643B}"
EndProject
Project("{FAE04EC0-301F-11D3-BF4B-00C04F79EFBC}") = "BlazorChatWebApp.Shared", "BlazorChatWebApp.Shared\BlazorChatWebApp.Shared.csproj", "{72012D0C-F474-4C86-AF4E-03D2AD939D2B}"
EndProject
Global
	GlobalSection(SolutionConfigurationPlatforms) = preSolution
		Debug|Any CPU = Debug|Any CPU
		Release|Any CPU = Release|Any CPU
	EndGlobalSection
	GlobalSection(ProjectConfigurationPlatforms) = postSolution
		{3EB4B04D-B09D-4B72-80F8-AB7E31851BFF}.Debug|Any CPU.ActiveCfg = Debug|Any CPU
		{3EB4B04D-B09D-4B72-80F8-AB7E31851BFF}.Debug|Any CPU.Build.0 = Debug|Any CPU
		{3EB4B04D-B09D-4B72-80F8-AB7E31851BFF}.Release|Any CPU.ActiveCfg = Release|Any CPU
		{3EB4B04D-B09D-4B72-80F8-AB7E31851BFF}.Release|Any CPU.Build.0 = Release|Any CPU
		{9BD0B753-1955-4D0A-9ABE-25CF5D81643B}.Debug|Any CPU.ActiveCfg = Debug|Any CPU
		{9BD0B753-1955-4D0A-9ABE-25CF5D81643B}.Debug|Any CPU.Build.0 = Debug|Any CPU
		{9BD0B753-1955-4D0A-9ABE-25CF5D81643B}.Release|Any CPU.ActiveCfg = Release|Any CPU
		{9BD0B753-1955-4D0A-9ABE-25CF5D81643B}.Release|Any CPU.Build.0 = Release|Any CPU
		{72012D0C-F474-4C86-AF4E-03D2AD939D2B}.Debug|Any CPU.ActiveCfg = Debug|Any CPU
		{72012D0C-F474-4C86-AF4E-03D2AD939D2B}.Debug|Any CPU.Build.0 = Debug|Any CPU
		{72012D0C-F474-4C86-AF4E-03D2AD939D2B}.Release|Any CPU.ActiveCfg = Release|Any CPU
		{72012D0C-F474-4C86-AF4E-03D2AD939D2B}.Release|Any CPU.Build.0 = Release|Any CPU
	EndGlobalSection
	GlobalSection(SolutionProperties) = preSolution
		HideSolutionNode = FALSE
	EndGlobalSection
EndGlobal
